
Microsoft Visual Studio Solution File, Format Version 12.00
# Visual Studio Version 16
VisualStudioVersion = 16.0.33027.164
MinimumVisualStudioVersion = 10.0.40219.1
Project("{FAE04EC0-301F-11D3-BF4B-00C04F79EFBC}") = "3", "3\3.csproj", "{253BAC4D-75E5-48EE-BCFB-7D4D2C9EC143}"
EndProject
Global
	GlobalSection(SolutionConfigurationPlatforms) = preSolution
		Debug|Any CPU = Debug|Any CPU
		Release|Any CPU = Release|Any CPU
	EndGlobalSection
	GlobalSection(ProjectConfigurationPlatforms) = postSolution
		{253BAC4D-75E5-48EE-BCFB-7D4D2C9EC143}.Debug|Any CPU.ActiveCfg = Debug|Any CPU
		{253BAC4D-75E5-48EE-BCFB-7D4D2C9EC143}.Debug|Any CPU.Build.0 = Debug|Any CPU
		{253BAC4D-75E5-48EE-BCFB-7D4D2C9EC143}.Release|Any CPU.ActiveCfg = Release|Any CPU
		{253BAC4D-75E5-48EE-BCFB-7D4D2C9EC143}.Release|Any CPU.Build.0 = Release|Any CPU
	EndGlobalSection
	GlobalSection(SolutionProperties) = preSolution
		HideSolutionNode = FALSE
	EndGlobalSection
	GlobalSection(ExtensibilityGlobals) = postSolution
		SolutionGuid = {41C1ECC4-69F0-4569-9B41-0630C946EB6B}
	EndGlobalSection
EndGlobal
