
Microsoft Visual Studio Solution File, Format Version 12.00
# Visual Studio Version 16
VisualStudioVersion = 16.0.33027.164
MinimumVisualStudioVersion = 10.0.40219.1
Project("{FAE04EC0-301F-11D3-BF4B-00C04F79EFBC}") = "3", "3\3.csproj", "{8DF6A8FA-1185-44F1-A8ED-D37BD29189C1}"
EndProject
Global
	GlobalSection(SolutionConfigurationPlatforms) = preSolution
		Debug|Any CPU = Debug|Any CPU
		Release|Any CPU = Release|Any CPU
	EndGlobalSection
	GlobalSection(ProjectConfigurationPlatforms) = postSolution
		{8DF6A8FA-1185-44F1-A8ED-D37BD29189C1}.Debug|Any CPU.ActiveCfg = Debug|Any CPU
		{8DF6A8FA-1185-44F1-A8ED-D37BD29189C1}.Debug|Any CPU.Build.0 = Debug|Any CPU
		{8DF6A8FA-1185-44F1-A8ED-D37BD29189C1}.Release|Any CPU.ActiveCfg = Release|Any CPU
		{8DF6A8FA-1185-44F1-A8ED-D37BD29189C1}.Release|Any CPU.Build.0 = Release|Any CPU
	EndGlobalSection
	GlobalSection(SolutionProperties) = preSolution
		HideSolutionNode = FALSE
	EndGlobalSection
	GlobalSection(ExtensibilityGlobals) = postSolution
		SolutionGuid = {2841DF18-60AA-4321-B169-755146EEBFE2}
	EndGlobalSection
EndGlobal
