
Microsoft Visual Studio Solution File, Format Version 12.00
# Visual Studio Version 16
VisualStudioVersion = 16.0.33027.164
MinimumVisualStudioVersion = 10.0.40219.1
Project("{FAE04EC0-301F-11D3-BF4B-00C04F79EFBC}") = "2", "2\2.csproj", "{3EE61671-212B-482A-9A13-3BE68B45AC9E}"
EndProject
Global
	GlobalSection(SolutionConfigurationPlatforms) = preSolution
		Debug|Any CPU = Debug|Any CPU
		Release|Any CPU = Release|Any CPU
	EndGlobalSection
	GlobalSection(ProjectConfigurationPlatforms) = postSolution
		{3EE61671-212B-482A-9A13-3BE68B45AC9E}.Debug|Any CPU.ActiveCfg = Debug|Any CPU
		{3EE61671-212B-482A-9A13-3BE68B45AC9E}.Debug|Any CPU.Build.0 = Debug|Any CPU
		{3EE61671-212B-482A-9A13-3BE68B45AC9E}.Release|Any CPU.ActiveCfg = Release|Any CPU
		{3EE61671-212B-482A-9A13-3BE68B45AC9E}.Release|Any CPU.Build.0 = Release|Any CPU
	EndGlobalSection
	GlobalSection(SolutionProperties) = preSolution
		HideSolutionNode = FALSE
	EndGlobalSection
	GlobalSection(ExtensibilityGlobals) = postSolution
		SolutionGuid = {612ADB87-7515-4972-B061-78053FDCBF33}
	EndGlobalSection
EndGlobal
